U2FsdGVkX194ECcAAAAAAEWw+1Lt8pFaMfkxYXJ1PozpblPxhg5FHYHbMq2qskmP
24VPUIvm8An6/mOPM9JllOpeEDpeipTnE2FYlbDta8aSKid8ZY7v1GhvJgU5Z9L9
IZFo7v7KHf1CTtl6avhZDwQDC9gEMAdb82YlKMWV5eSx7ZYwuXVMC08d1FJjnCx4
M0GR4O39TY9xkYOguFXosmGLbZgGPnFJP0WvUFvMdERZpzEv8fsFIxCxKr4NAkLd
sZbVhYeU7hUmTyfWitp94qgcDlidtNB140MLddwEjHSFP5vKqJgcTZwLVl8pd1Sg
0/QwzQdGeGInT1VdjCDXjyV/c8kHQq6qHTqxwbwcIJOYrw1ZoPH7Cvx8yWH9HXir
dqS90kmJUkhdR8R5g/qD/AGDc4T4I8dotfOHvNd7CXp468n6aMQ7Jkz1v81HH9OO
lt/IFWkxNR7rgRAjs8mZitej5fc1xGBYAsgHlX6fX4VTTtmSw02l5fzZcWqU++Dl
6Shz6uW+Hq0AnvW/gHYzwemo/trKAZANKQXUVjdxt5q1isCoMYgRid07VABiKjti
ECBc2nB2edpr6R4tqcs+rUQup3kNrwy46mWxvJBWvE563WofW84VYPd21nGNVheL
AbuJz6KPHzt0Zois070xEfwBT78qVdRuCYUJmN9zTwc+dRliclOLc+zL6PsrHetW
r8xB/5D3S5PcWBwEmZI0LEuCu7eLR3Rky2gwciQ3USZ932IdWcPDMD09SShBYnZt
bsFmXtXdOBCU7PKbxnyy0QBqVXxOef97a/dCAyspcYdbdtJAxxDinivagBfp/Ws3
iTAMv/dkEsvQCsHkO0HJUBGiBN3sim/D+d7cEH744/M5/vzwqXKWRHUc3xlv+UPb
t0ENhBjf/O7kpbp5hNCvFqbU7882IYuW+gw12e6KSmueB6Y+eR+oCcUpykgzJcxv
QspQd1R/nnLjPX5RvjPm0YRu3dZ88xNRzJUlZD+KdUkujk9UAx/wX3CMB5/fDQyB
lVuNZezvh0P9hGFqoTZW/NSK3thTVW8soG/jdhWwnW+E1TATAFn6AEQajQhHlZCf
xvDpe7TC0aRaiime7Sj0kNSK3thTVW8soG/jdhWwnW9cUXxtt4RboBTGCrLKKe40
J3X3RLAYw2nPTIBo37spXfx40seuGF1nhg7OLMrOLfKac0xEHr5aEGpcTjOveNXR
vaOlkAhIIzNjly0k1hJBvvvWiipOlcoL38ZlMYd1WpaFSwAEGzOtiLynRXZCtSUP
SVL3EwRqD9zBN6D1u+7scZZOW/aSACAeRTleuXplSGyRjdycySldfk18qlJVIpiz
2eMMQQlQNQNcZDX2oadepOMTap3v7FwEuTT9eQOffcnvriUHYDDnn5aDOaP//UWx
o0rMcd6lkvrI1x+0/i9LB/7aXeZlbVoLMNGTQBopmGm6Fn+zqmzU+SG9liKLfUKG
UDQY1ldAyVv+mjURzSoKpvyT7+/yolkiFkbbBPWyeqM2qDH+oVJ4PdoJ93/jzIo7
IjAoOU6ucfHQhIo3HtehJZbSo76sopX+wOJdzulHD9HO/bgOmABbLuZUw8EMZw2p
ZOBd8L5DefvZpQa9hmHa1NXWZJbGGXXIXxD0nhR6p6oQUNGBHIqlrzpx+CKMpqW7
GKArzPH6gncamMjIX0sl4IN3Wdy6njpZwSqN7Y5+xl2Ebt3WfPMTUcyVJWQ/inVJ
Lo5PVAMf8F9wjAef3w0Mgdgbq9/5KwDnzGNy6HsLHXKmRDs21hgdbbzBpN90v42h
L1tIMiT92ZQGbZ35YAOcjYwOZGj3G+pZBhTJMs7pIZRcPcRdYF74O2DtB4T/TfCW
bZ9XFVoRmTfMI8fhI3AdkiRpkcSkNfR7Z5PJDieAROmW38gVaTE1HuuBECOzyZmK
16Pl9zXEYFgCyAeVfp9fhR+V7B22rSWxkc6lREYNaPC8VbkCw5oyoeItEtkezmLB
jZVjup1BCk530JfslajOBF1ZykmacTVHmg+B0nLtVMfZlyd7qKyAu/aFmNtYIeqJ
NOaT3etSAb3in+84W51cIiIwKDlOrnHx0ISKNx7XoSWW0qO+rKKV/sDiXc7pRw/R
l7v7thvkVDbH1BhVZRUpNTKj8F9l5VnGysYET7S0TIF9leE3405HVJNDY9pU0wf2
I/qCOv25cLhAmFSRT22+bGDRsDwF74WIdzGk1TGAZjNCFEWk9NnaNN27M7voVUR7
2eMMQQlQNQNcZDX2oadepOMTap3v7FwEuTT9eQOffcnvriUHYDDnn5aDOaP//UWx
4rkd7QpeD7jVKLFQC7Qkyv3Tmk1uhrBMMmXNv6WH6Hq3QQ2EGN/87uSlunmE0K8W
xZJ8QIUrxPx+/c+6MIra+J/G3kqlACUc+6rliA/2fCKHYUat9YKIiVofrPoK5AAC
baAhKEbRC6EzvzIP6JSgePKUlgwqJ3t7Qmu2EMD4iJ5ennQi5Pp8/XBqUXKpTVHv
fd9iHVnDwzA9PUkoQWJ2bbJWdHE8b+SevMcSfTLaNrqeppQpgVfoi5Lxso7GbIyc
3Ukw1JZAGO4j6Xl8OOmjkgxdoSRpDGCh/Wg+VyEsDEP0rueYNqEtKbSWjWW+k62a
7laIFO9R2PXHSgYR8TMlSnOY5dJEK908Ie7Er5H6dLINsQibGbV0n/lEk/KVZacs
8XrVw6cCGqhbNGl10ZNGgtdQNNVuhLZyONRNu6zNZPmLa2qT+ic+U4DmD1snm+kt
j8g2YztAu63zBgxtscAtkM7gYIOvnHsGZEt9s/85XGmFBDhOPLBf45Fpo57jyfX+
cpS8IYTh6KiFAXOT7Sx2Iy4o55Ou4l9lpsfsR6KE9hRqndLfTdc+kCWXx+tmn+xH
c0uqWQQCarOs8eUhYhQJ1osYQ4Ymqr/d+UPDYi7xyUTUN2CKIPZuuOKm4WeO49mE
21j9Z52xJ/RSPjeZBrBTPTXZ++JypKdMyTsHjdDB8Bb8eNLHrhhdZ4YOzizKzi3y
mnNMRB6+WhBqXE4zr3jV0ZbZnszXqV6qxbFW9Czi5S3UHSybMsL8CILI3ljMuhnK
qmXrcQNbJ5vijcoTy9yOHnN7cdUzeImnKGJVFSJEh9rcgAxyU2oS+q9h9QF1YSBD
txddnLshG+1JQfOWoO/Lb/ARYzZK5LS5LiluZvd06nHuVogU71HY9cdKBhHxMyVK
c5jl0kQr3Twh7sSvkfp0siACB3kA21E35LXZgB+kHU6Rq28FRxte4+ol6UPxYWWi
Hi9DixVxlrU8A+ZwluC8Q99dHI+94CXLNOl3Hl7l9ApwqcWp0M4klJWUvHEqr7+Y
Lh4sDo5qsVi7ApJjzuTo8QBqVXxOef97a/dCAyspcYdbdtJAxxDinivagBfp/Ws3
iTAMv/dkEsvQCsHkO0HJUOr7DBV6M3w+tyAfLKlFbWsGhvdobutDn10j7lutZe1y
oCy0VP8CoaPENeEgYjcILwq/+4WENuWDunRWR5oqWAGt/rNLdtQCR1R2auTU5eFF
SgsHgU7DFRkjK4DUA5NRZSRpkcSkNfR7Z5PJDieAROmW38gVaTE1HuuBECOzyZmK
KugJqmYMN1qeSf5z7cSXbAGQ/SE+TQoEtnCkuuZuiLPkr9px+talw8belDVe+6ey
fyLc5D1DdjUCS4ksBHArqA8mXsv9W92KmTTmPK247lms39dBqmnNP+T9mTLcQ/d/
fV63YSYJaMGGzipUcSoujIUEOE48sF/jkWmjnuPJ9f5ylLwhhOHoqIUBc5PtLHYj
U751SB/9d75j5R5LGgzuBH+P9xxEKywbmGlqm8Y0jFqPmHAMg7IccbjDvHpn4qjf
ssCsLkg+tvcicb4dT5oAt/pcDcPaNTkA3qQVLHTz6rOAbnBi/LzbRtfe3BkBR9G0
Sig6u0GILs2ZNdBotiMtgbGW1YWHlO4VJk8n1orafeKoHA5YnbTQdeNDC3XcBIx0
RK9qjLH5v0PK7n5EA5SCcFcfii8n1Tc3+f8HDVOXDYKMVY4QE5mUCv2ANwGqQjbD
Lx/MvXf/jIv3JWsUyDcfz1kViP0Ak10wJErwXm+YVes95reaKM4IGrjO/vMlJBlq
uswwaf8C9nzhhbTVwhLPOPAhCEoDoagAuzu7lSsJCbyMLHyRYF/FKLrV5oXRzuLz
6TXcPObX6g+Dw+KTbVJYSisrHFuzBdrZJ4BGK9gTCLVMIEQuLeAKmLy3l6JimvLT
ow0pBJRt4RGbLUhui1QZE0E7QoQQDVIaWd+xhe2z7+ep7cq5TBYunOqYgg7sVLYy
g+X4rxNiCyS5/mJf6hyM3J0vXv2gFlYdzOOMSnU//yjTVjbyDAREL3IhDITb4N/l
GaXwY3zmkzN5EAShUVCuPiMH+C+SH9LBYQb/QR57ecY+Qw4/JIyn9yvt6qLLpiQX
73dADXEMlwYZA6RXlTJHXOIN+ylCqoMCqa4MPYP5n2OhNmyeKtkSfvb5t65zCdKW
uYzqTA6T+Fg9iUivkgMPbCdxJq5jSzG3bV+y876WTsjT2V/g/yy/6Uj9sVUYHk96
j7C7RiKBQRcjWNwRDvSDpg/NLDXtT5ayfDUIsR4xLzso3hu49z6fvk796rEusO/K
8IY84fgfdi3xiKbhqlvqO5drDzQPr3/bFyL1Pj8PjA3weqWMffFchy5vI9igKX1o
v8ChQ/dKt/oA5X48RtXH9LbUPfJNPXeo59kXMBXaMrKiGfeDumTw/RDEwIss07Hj
15pflNV6KLi3Ar8u33NUhuZ2y2hcWhc6y7DppUkoWZkNDrn7WdRzeSEZL+rJHcBR
nuXv7I0wU59YIP7FS/BQhmTW58Sj2qmU9kcNLEq20jNLDDY0KbIpbhiu8krpWndj
BSLgpmy37OcF/rbaxtA+SatFSTfTqnlbxc3hrRtIg0gUFCtDAN0XrW6p2zQr2rKM
Exop6EyaPqK2uoLDB3H+HoJS24K2QYQqyJPS1NAMGPjHNQ4yZuQozG78wt7mf5zU
O8z8uNZuT2X1cIcOWs/mYjNgt7hnUtYujkjr0ABUQFPqdGH9o41zLBrQQO3ZJDKw
29IPa14XaSDm/AeWGoVfO6IVO1yxYoJYcCVMrnKCSLyyunq34lYgvHyyQ9zYGFcI
katvBUcbXuPqJelD8WFloo0qUQljwXxrUgz6wxOn84Eef2v8N2/ArUtNL+dt1mGB
9K3Lz08Mf1sLz/DP6E4mVMoym/twkOYVFavxCznn67xovRQQD786I2pC8si8M+Jj
d6PZc/zw2UhY8WmRdjfFgxhJb/l5oNLpU36E0GZYc6Xtc9slJ9QySGQJj+e3rkgO
swTA9hsZyOvZNLkjywwqw3a1hzwWvLsBaMDcrokyPEI/rBKHw/h0jX67ZZQhYhQ+
kp5Ak3Opzq2j5KZgYSG9DKlVy4eI+R0WOHRTiX9fU77UBPqJ/DBus3MjD2MRgVx+
zQ3nSPUNrrGwNF1FHzTjAsBKID+X5OzslvX8hIJfgl1IWbI5X1xNSToeJ9J2kkZz
oR06Nm6ecEJkdKgZZPHq31Z7XrvABOd+2lHe7jmmihmzDSYY3uE6bkOnxOMwDPrM
Rtbo8i+bRK5lXESuynMpFJQhfVD/Z0UtlEt7SkwUfXeGGV9KR4h5HYHYILLgf3pl
GN4Ap5gi4PxYl3NJ9/KkXIUEOE48sF/jkWmjnuPJ9f5DMvErFLLdx/OzgfGlOHQK
PU7lPSAAbmRuAdp0LuabJi9Vg47SdpT/W0NV57TXiShDP+w6dckR7ikuJyIgD8Dg
giLooI3DfIXtQr32QkrlR06hoWIM3MpsMxshhJa7pnIp/yzHNkVP7E5YHBKmrn1B
EOd5MRCSv/VFxszCoaCY77WKwKgxiBGJ3TtUAGIqO2IQIFzacHZ52mvpHi2pyz6t
1AT6ifwwbrNzIw9jEYFcfs0N50j1Da6xsDRdRR804wLASiA/l+Ts7Jb1/ISCX4Jd
SFmyOV9cTUk6HifSdpJGc6EdOjZunnBCZHSoGWTx6t9We167wATnftpR3u45pooZ
/TfLRT9Y/GKW7kqPe45wZptuCSt/3YH5sOni1kAOYO9n7b5PmoT5tt1OzS9XgYZN
ctVvsrQYgw3JPwu/89A/Cea7Pd8BhVcr64HOe+L8FOFhk4AQDF8XryQBN8OhEaR0
Z/nMrnXhLhHU107a2yHbsc6mIu19pJkkYafWOo0BVGONEKloxRL6Tb6BFhDyuVBn
FbLHqDMfknjiWIU0WfMCp0bW6PIvm0SuZVxErspzKRSUIX1Q/2dFLZRLe0pMFH13
Tz1zMvIfda1KXf9ifpyRQU6bzKXv6VPpOBwJmSR1Gc4spazU56moKdXO89X96P0W
Pc5osqMww5iZLTY1Uj5vw/cEXYKDuyQnr3UJeudnhZmml91pQR7VmmBN0Z+lFzb2
OjSbaNP0UqKHtf3kyqdtExn4mIpz7DZI8aNJehiG9WmdgwbN5mmW78E9dUE7/C6Q
KTY/+bwJVVL5Md0GckC5mULKzP1P5G+iEsaXVMrl2KJI3V3T9bZNSIvMUqqrSljk
zQ3nSPUNrrGwNF1FHzTjAi9Vg47SdpT/W0NV57TXiShGzY1BufbRfOKosbWnr4Rl
m3YovDaVkp+EU9LgzSrgZ/dDnQeG4YNxytix8rHdYWaAZqtLV3WPyRBXPOYN27pY
pOxI7OIla5SRD0PjNwCLtaTIB0yfovcn/WfpQu1X7l5zXJJrlni8uBosj2NTR97z
16nVReUegUQfyJ2FQE2zYfw78wi+pIdV1FrZsrjLIANWBtIpbbpIZAZmCuwdpDwm
RgYAOF4AH3EKFHNZCsSYAWmlx+AIGWNiAnz34lmywDMp/yzHNkVP7E5YHBKmrn1B
4PVA782xJjVRruB0XnT1m2o6gT/8ec/n6hp8pigcjRtR/lkQhcalh9TQ3Nagwfr3
hQQ4TjywX+ORaaOe48n1/gMY7LQa/BTB9C0Z7vga5+SZxV/QKOSpaPf4w4Ul6XbC
ZUwpL+DG1U/zTG6rTQ5vMkqUMUJLF8yDCE2YSQVLZsf3Q50HhuGDccrYsfKx3WFm
gGarS1d1j8kQVzzmDdu6WO22zp/WapXYAgz8v4YjAmEboqUGhv7YID1ACpcyWXOj
oEKMXBT7qJ/YBWgzZX1Z82f5zK514S4R1NdO2tsh27H9vpC9ZAaG/lXw1CqKdRse
VVHi/ES8pjaA0XAT5PF/gq0OF9qG1e85dszn0d7Q+13QWHBN8MxAwVkh9Xus8zbs
MoN3uHDSJxtM2FVCawJ/+uEJtMFcUHPCSVD3p3l/NPX1m25A8Bh+uWjB/VWj09iL
kqgo6RHcMNmDqBJA4b0LwhJAAnuoWEi6gFEZSIa7zYz8k+/v8qJZIhZG2wT1snqj
hQQ4TjywX+ORaaOe48n1/gMY7LQa/BTB9C0Z7vga5+SZxV/QKOSpaPf4w4Ul6XbC
jjjdW8jMxNyC4lXevSyS5EpgP0OkkCdVh5sN/237vIdF0FVIl3gFO+qUdHad/9zM
tXq+vkk1rB1XqaAYse25VEtmTVxBdh+vhfFitN7gsqm9byLE2mpCwQeUrQKjnGfh
gGL/OymJYKOvHEl3/Jh8p2jo4Ev46AJX+JpV//bS1HdMYmT1v90hsdUDyiiSCn66
6FwpPFOZepC0dHES0TKRTGYB8UOVrxgjWlMJccRdnUfl/WyogGsrCCpOq8ApZj93
UCwYOPk75ojWNB7/F7fgv/m8HTvwblI2ASutNU++ELfcLXosEijYGcbSBPxKI4BD
yezm8/FZruuvZ9JujykL+4HirANA9hQsvXa0pj8+C894Q2eOKTn2WThhKcXQH0ID
DPx7svhF/woxuc6k8ZExpmJ+3aVxoX1BXED52zqTqfdGoD2PPaX3x14RoCCCsifJ
gIsIPRJWfDJ/n8c1gRdRNqdzzOTDP8B+PdwR98JMkZu1TYCnJUVf9Uyci+5/2yD5
7K6angJ/LUa6rtyZ5j929sy06elSylYxPPmdsYJ8vlFyxTQgvvCarhw/spDsMq5B
06Y0zsXQQ03VyUgNL1u0nJUVJAWFPlKGvwQK5ObeFQUcd3P7jMIOpmpEElvnBT3B
MljOmAZcRxNgm2+7c8Bub+FblF9QKV1OP7jY9jbq3OM9VZG4f/LcSJeKS1jD/CVb
n63vTJ7b56K9udQqbl0rEK4n9vhhoRYSoZbsIgVJHBZQLBg4+TvmiNY0Hv8Xt+C/
C71n84hPYRWu04QxDU36A9OCbwVjdYVHkcWNpOqFwbUG2FAdVnjxPCf/MKYWrybV
Hn9r/DdvwK1LTS/nbdZhgeacIQDjiFVDrR4wvZ84bGfkLrTWYbiADWHjBMYigxrq
n5NPiy/z3FhouNSv9hM/fHlx0Md7YLQO829MaNCtzrNWWP3lGv01GGPE5e8AL3v3
ECP+FZU0HcvKo2teFT1+s1+CX0vimjmLdeR30+Vdw/x1ScmXOah1kTc6rUNbectA
Vx+KLyfVNzf5/wcNU5cNgo5Ada1aXXITd7cJ23uONBxXirwywigGwmhjJJHHBNh1
/L5xuCX5N8Yl6AMxWmTeWOPNpGHMa+pMnOMtB51DdTrxXP9Xjv80N1NYPONReAa1
5jhi0Km1YvmtZ7XNR6GPs3ZugJRQkYlbVu8lWFq2GCOKFl6OTSpCwjFgJEDiXy7w
uayrVA21DmsuNUFJ4S4lwKTE6lWEF/ZNcDhh2p0P/hBhAXNP47ZVAwyRkZUJyGXD
fSAsvxZKmxt6p8fLHj7serzlQ+reAdJiIjSRqL3M864X/Jx3YiOBi1eDCfbY0tDE
XeDG99zPaAGidE5uSVAlQ+SHjYYA4iF8/ZQ9rkHtqZE2O2+hrA0N26wvr6O4XP0d
P4cePigsfYYE5NRyIjTLY7ANtU6k8MBf8/FIJssoBa+4cAa3o9QsMfIg5QvKApbs
J3gvDZXRUcu6gSugvVag1s0j6q+BQXDGGB3QqnesDBQF05Ogc14KRxEBi0fKeZ0C
Sig6u0GILs2ZNdBotiMtgW9pIhBr1EUYj53fdfD6oyEiMXbquNS7wj14XhZ+n+cF
2Zcne6isgLv2hZjbWCHqiSVFrDL6kIWq1lmDyltPjcMueNF7BfOpQpZrFkljqOqx
1Ire2FNVbyygb+N2FbCdb1xRfG23hFugFMYKssop7jRF2/lqjpe664u0H/jg2zXE
B6/4suAOcCfAlfMQgIdbvAamQJNp6vb67eurfe/pF5QMkX6KJ/rH95lDRp9dO8vn
ygJnKNMurKElkCwWqnA2wNWnXor3VaydJf+55Zl5ZfGUfHQ8Fj6KNMHrTmhD3JMH
yh7Tqjr3YIuSHGteCIw6vPe/RKC4WpoN+ea+MVsw5Qe9byLE2mpCwQeUrQKjnGfh
NOaT3etSAb3in+84W51cIuzQX7DSUkTyjYn0xEhFq0jn4yqm96RCtA7ByqwBAb1S
1OqBc1ThZqJUFqLgXE4wE73Ekd2WIHL+QM3cL8DJiThoOhw8tlQZra3B72+7a/Oa
7XWwpoMX/shwraVbkEbfjApQlTkNMkAVh1MBmo3VruOZEFudG1bN3rPHgUkevhEl
9rdvFzyazUqNO/TimkjmkNz+ASklv3a0NFJC8c+CMCEyQKg0I/BmASF/FGPByvvq
YhZunsfdUTBtY1RMLxwrukONkXk4MNOXqRoPrtzMMcW+dDrnjmHoa9bD+8CSM5gg
x4AEhdUHfWyqjnMkj1y8Ib89FcncaZlmOCnngsL/d2glRawy+pCFqtZZg8pbT43D
xWt4DLBhG0L/i2gj9jgv01R2hKUxpyk3ufONFP+Plk9S1225WBjwPxPUbrQNd4fa
6OP3bsa1qA9bweilnx6nVY2INIO8FgA01GFp3iSwmKf0fykdQYWyKkrtkwYrs3ub
ao2cEBaAIrDnHTVGKflLsddjUbygTdYhAsxUINVe7vWzhwHv0/lrESEOOy+mF5Zo
m3v0rCuQJtsS9WDcBWBs/H2kdxzZUkCPR7jRuaEwm+nLqzjhXm5r7TjhW8QSgmdk
uLN6N/eS5i2aZc91EmM5f0W9/TY55PSahc1u3MZZ4nxT1UWSVwYDV2BbQ0GrOrvv
xlt7aL/2G441CXklrwZIRxSxM6NWlZBtv/ixmjhWC3w+eInTpIkt5GS97zStSjJf
JUWsMvqQharWWYPKW0+Nw7qwtruCmrV8OYm61gVAaGx4ZyOnjWEJWI2Pokk6tXIT
HBpDC973I8ZgXGHc/dfSG8oCZyjTLqyhJZAsFqpwNsB9nR0PpAbEL01p4lVGqsg1
osgPHrUSg+IlxMS1AeV32ksORKblwDt2AMiDaHJUves3qH+nrdvk57v1siXvi8Jj
MAFIqHgpKW72cDDFLAj3CZZOW/aSACAeRTleuXplSGyRjdycySldfk18qlJVIpiz
F1mFhVaBBkehp3yN1FpAx18+YXzHdtlbrU9QilTmRNOstV7PDv9dibgJOL+Lw7vV
TbZ9rTqTuKFWVCJErLoLsWhpNxn0vMj4Lj92oFaUtCM3HIMGnQHKaXVSg0DiHKf2
QgG8KNPVROLI+eu4yGcJaiJGveGTVXySMFUT1alH+q685UPq3gHSYiI0kai9zPOu
ad4OGrUkDx5SEXZHTJhKbH5Nzy3O3olP/s6iw85pKU4Fb4Cny4wKurGjEe0j1xoU
g/zTpjiPkuu1rJ3/31WRv/uB07LG1wpWHzYrvyoAMlr/PlUST7tG3sRTL6/Up2dP
xejafb1wKZY16Ca2r8o6c8wGTHTJtIXrCmsKaWwx/scgx4fz+uHyUYkEP+dRymIk
atbx1vMXoI4tHPO5cTJ6jCyeaaV0YiitJiG2vTR4wMGeB6Y+eR+oCcUpykgzJcxv
VjhIOQUexbcibywrID/dz+K5He0KXg+41SixUAu0JMr905pNboawTDJlzb+lh+h6
VjhIOQUexbcibywrID/dz6NKzHHepZL6yNcftP4vSwf+2l3mZW1aCzDRk0AaKZhp
atbx1vMXoI4tHPO5cTJ6jF73FX3m4mstHsuT1niOPey5RZQxcXc+sZQgataO/RsH
XbMOCDWEATnU2To1HQ4wfkYJ2+63UFOaLZ1VSiSvSs7zwOvdVep7X8peVfDgUFkV
PrgykPvfMU9LGlFvn+ZzlNP0MM0HRnhiJ09VXYwg1480UO4/E6oXr21dJo3E/E0P
bxx2KC72WmXACr9EnaqK60GB0diktwc/GqgmF4BXhJYHR7k1hnB1VnwdYtCQuEDw
UWIGo7uyJGyFRl15fW+KbWc5sRUfpYqIL5IqQh1T7bjcan/Z2ImkHSRaUjlFGg5P
IuNCn+JSVBmPxP9gQU5FIDj94U71D7imjQUfnEVtgL/rwIgQgSVVQtJM/y5/QKe1
CAi36W0kUaNjmmR1B63fpQrfeC/SewWs6F3s29jzYyScHG/iQOlF+QlEeE80QlnX
YTu3UHxfVwoCUETetkHSun+P9xxEKywbmGlqm8Y0jFo2Bnc7cNdc8U3vIDnDGWj1
HbOQOcZ3EjG3sOWPTqD50Sn/LMc2RU/sTlgcEqaufUFWjBfumxYsuhI+6adHGZuB
zdGam8D1AvhEkqK7vQQ4OvxOAVUVs4qUYPLEdB7sFfzkWNNgdMDlrt6HzRU3nYoZ
1C2YZjxfTi2t5QMQujBxNuF51aOAyAo3t/eqklVxCMN/bn2IgyqPrWWniz3Q4QkA
KCPY3+zCq+awuVX5AHhpBESebbFpW0LUuFfAF6wcGLB2a23xR+eIO/kkkZB3TqJ9
8lhpVs9+bBvkwtDnL8wbBD9DotaX+Y8MDj97Z1KHxOfx3BfeV7oht44q/IFZKor1
dtp4mb7XpQn644dapMAFzMP86p/0O458DeicQ7XTRN1Nmic02j9zJPX7loycsRRz
J23glkka3dlV1sv4UdDxYf/Ek3zelCoQbGUY/ikyNiQgv5kMdfOQyeLk/33YH5Y0
omHEHtZPfP2wHqU9gs/SmjPJ0IyZ3h8pqJYd1AckbFXtKmXHde0FbjjSua+2+Puy
GOqDL/SeExGJEJID1dkZTiGz3Sa0Zn4Im6M8GYxo6sDyj7co+hcmUZVEFdnTeKuk
C+8DhUIAQmr0sfdEQg2/GizZv6W1+51cjh0KSqEw3dHfpgPELQxpISrwMa0XdzJE
J5BrN6xzMG9N+A1ThkaIT9zeY6ZnIpTKRTXnsQUjJOSc4LEuAQvSFFMuERnftyed
Kf8sxzZFT+xOWBwSpq59QXU8pJ+SP8i7GaFY4oF+/0QWXg4PwdExw3AdHIP2AT/u
Yj7MQCNNhxlWMLIi6IZOjio5D0OWbXTi1CdDIgcDg1qiFTtcsWKCWHAlTK5ygki8
BUO7JXy+KOBcEb0xCXWDDmiLgRIJaLt8AiqbZncB/jul30+4Ua5Ts2QiXgJvVC7G
xRGLbNanedhUwiNw09adwYK6PDcNtDp9TtB2AoesavWg7WpsqStk286xxp9dPTeR
Uo++VV4BT2YF7IN0Mbz2gfqZlYI0ZeS/00il33sBKRdFG5GU79y+tBi8UQMGQCOp
vRkEefQrEZZ0h9kVDEYmvbvkjpVQKzRhy4sPXX7gvL7HMwDLx6obVRTHee6KGR2U
aIuBEglou3wCKptmdwH+O6XfT7hRrlOzZCJeAm9ULsbFEYts1qd52FTCI3DT1p3B
gro8Nw20On1O0HYCh6xq9aDtamypK2TbzrHGn109N5FSj75VXgFPZgXsg3QxvPaB
+pmVgjRl5L/TSKXfewEpF0UbkZTv3L60GLxRAwZAI6m9GQR59CsRlnSH2RUMRia9
sdeeyOGU7HrSyKJWKpS1yuZ5chfqsax+15yMfR+YKy4PzSw17U+Wsnw1CLEeMS87
MMIWEQCv7aQ91O41ZQJ1UAvGfG8inkZL5cu/K+sbgh6CxAy5uRnU3TRCgshspfio
WOBLFVh72ZrQNf+p1AShFDEjOxi5/hMYk/X2+LH1D2FMIEQuLeAKmLy3l6JimvLT
zjz0jTBV5EtIFd0QGl1WpF5UPZdyWtPTwyvbxeitEmGOmWeWM9M+5mVj9fONQWiR
zyS4xnSUJka1aNLLZ7Sds+ZNtjqPj8Y4ErklUIgnUnTk0ICVOtPFs2e/oiCAEtb3
HubDhFniR0vSmvm5b9rSWt7BxWdxMmr6EFuudpzabUuvafTeRvQcMW7xaV+/D14I
HL4zSG4RKhM9SbX1zp2WqWcLGAECHMwUn0JlrUutfJqZj+2McB728ujt4ZiKWk7+
QPAHW+q6SVdf21/9JBhMU3GYdsfuyFR86Go5/UuqCD9sv3cmyVn34yJHbRfF1BZ1
kXRugRpM7kxd+FVZCkjeYCdJW6Q/pLqFmk8vQU3/mQuFy2PPVvuOItFK+9UXP6w8
A/993n2iQhgR5ynQsi7YT/qZlYI0ZeS/00il33sBKRe4PqSDvGPH2yHMoNm+f4eD
7V+C1uxzf2B251b24CFhXYrjXdGZr1eXfvzVK/Jx6IzB6mlbDwoaUm6UPeknmc71
sqtKdWQxTmyrON01Tq9zY02zxT06eujE7mXhN+ehwhIXb721zzDkDOU+5+FfoQGz
uzNNMKPzvn4G4bT3QSoTj4W1l8X3grwOUo1q5H9eMxavUSMzE4HnNJGmeUCXma4/
Uv0nHRCFgTY58vexCmcffwP+SKjMFaY34aq+/JJuE2du3o4pmR9R1MQa3ftplBf+
FXG8qmEt9DrZDTdLebUYd98Pa0u4PRzJmSrytrWiDPxgGtfuyP301JTneWlApnmb
O878MZQ9xeRPzwxbYk7UE/QnUkPDBT9fFDMumosGYmKzVtRaj3gXk9+nH+nULuJw
ljhpRE41R5eR+pfMWf8wUidkl+xToWHIDWakcffAfmHLzcgXCDSEkawxGTLaQ9aa
ZLPXdcXNYw7U9rfNqkH0PEkeeAbUeJYGCguhMdf4EM/simfT5sjoMyQB3VVKZ/bu
gHJard5eNbLpbkL/1DzInEZ65b8UMHQk1bJf2pFX7CHGUlgAyfrzl9/2t860nn8h
otdVIIp9NguYT1qOg3Y1vSeUvGfAQNdtSxmgS3fqrJ19hbzraBxxQsy8fHH1T4UV
f5dAB+rh78VfR13vFl7iBzai/eGqe+nffUAI/eOk8YCm2fgJ9brclvcsBM4t+Jkv
kKTpZz/dVOtpNRa158yBUd0IPiXHzXiVIMYjMMIS27ZefewxYeziw4rU/vITA3d+
vafThnKdIcDfFZ4DtPbB9YbORRsQafbSUsma0rmpAM1dxYQrBTyr23vh8eqcucuv
laZIyKbKuR25evQSfhNaAdBrz6Wozvq8Qam+MmsHlxXaSTN/2j/FFSqIXpsWWGxb
6sUo2WYR2HQZ/JxWH/HUjL+FLisz1AI3sCmr2/tMcyHQUXvMWpb+2h24ry8eVvY0
8lhpVs9+bBvkwtDnL8wbBIXgRy362ra0T0MXJ8h5u4fV3ogRNmAlitkL1TNjT9bi
A6DZAngFbwqTxPD2AK22dbgEzfQFP2z1fYGb2RX3SLScJG5r0CB9mgNlynG9Fr1X
QTrLLGJXqqxWdOM6M19QOFPI7TZAQZ4QM0FXFc1G2GhCS6olgcEmlTcL1WcjXyoG
mMl0N8goZD76R73Kvf4O1XbaJt0HDsQZFt3Ib73/pPaFl70cxBLs0sf3B5iS8qwt
3C16LBIo2BnG0gT8SiOAQ0RAhh5jlcT0G34Z785lrGcrHZFjQTSCILdECaSxHqs9
RTWoF+sbKxUGcNhFdQEeMbJ6O5DeVcZ3CD6mHXZJZgkK05KS8Kam1oqxbnWgt7rJ
dp4bd2sI+1CW1PY9nyogvdwteiwSKNgZxtIE/EojgEOURTl9B1MKaux5jMykDo8b
lRUtoT/vxwN4gks4DUVT4pD6HhgUJju23ACLI46TRJM3qH+nrdvk57v1siXvi8Jj
xzMAy8eqG1UUx3nuihkdlGiLgRIJaLt8AiqbZncB/juNRa1M1wHpCClNui9Nnj/3
Db2ItIAHOJelAKCaliPV1lqgKIgqetrvlhsOOKJ7nFYg33iIIlpBXp1jl4XN+gC0
y/z2aEKqFC3vkVSDHh73i5NtADjkTJn2PYgmyaJRQmyoBah9s6/WjaCp8u+Op33x
Vu+CYFbmXCa85LJr0/vOfIeDYI6/S8kfWG7fc7/AvPYviAkZjhM3heqFj1baLtpD
ga4E0UAD78wCNNz6mSl8uRFF/F+MoxLjyz6cZQV35QB1RuouRNzDldiF0WqNWGOB
gz+QI4dgzfaxM+7UgCXNXJmYFMj33i3TtPcvCq0yrfWhvxEz0gutezdRD3Oq4BiA
QtLKC3so20NOaxsUW2yybZhkf6ELiLSp8s/4CWH2erGFaZidvo3JWN0MzuCAR5ao
p6V97+aD8w0blnPRqmnw1nGYdsfuyFR86Go5/UuqCD8huE29Z7WgA7/uI4E84jiM
psRf5gXJdKZb6CKJWjG7jJXiuBeLfImIXqP1NRajwjYoFzc9CkM/0vaBTnYXFkoy
kUpARWKfZP58cu8pESiibte5gGRaV60rNW/Q0jDRpHZ+zemBjvkzlnFjI4k7jfMi
tR4Ys4gssqXcyijWm49v9RO39ulnas7xd/QzRSfQi3mQ2zl+SVlBAE7xx4LbYJtv
OuruVmu4a0tehJUtXft+k0SjZCEygbrSjd9jNDs4FjGBFtPgtD83QvPXHA8vYwZ5
bA4iTyDMN3jed5J3vdXnQgik0e/XyflLLPpCTYoXcQwAqaKHpJVlYVrAqgJS5qt/
iuTzLsDB6dNEH+nVsaz0+gk+JRNxAVRvPnX9a3qjseGz74FvIyWFRGnXLwdZSc7b
uKevOcYQbVTNQAmrdYKhQIQqbpzmCkzF6V6sABpJDqICX6k0SOFjc5BTCchzvE7v
uGNa2DznJm2/Gn3FDKpeAOv5Q+fOZKx8poPFxVTRq6ea8iC5BWdS2+mWVffqYDin
CgC+DhJmwP35HGCQqcXtjOhcNKHzzq+wopRQCy9+KfM+JH+cF8eXgjrLVN369VxJ
zdGam8D1AvhEkqK7vQQ4OvxOAVUVs4qUYPLEdB7sFfyhM8OD8lREJCdeSaTTCTHN
HDfjV+Rc0aI16eg4/s9jSZoi3jcC61bs4el5EFQt9CXl3FV2QwqwFr3MKFY8PAQd
u7KLweH2KgXDQf+S4mQ1wBa72hutyFBORwWDiHYzoxkO5p9NrCo12wiV5RluuIvd
FXG8qmEt9DrZDTdLebUYd98Pa0u4PRzJmSrytrWiDPzxyES4XNjXngaMkngXG9Aq
bWFswTIdpZVPCiJ9d7GliSNQGoY1yr7k3Fzn+l4mabX2LvWwSkkcxEjDXH/B67YH
n980p7Rh35wnh3QphMARUPwab7OS+HpzYt15pTys8gK8j8cYeC9GfX5S13MlOVh/
M2C3uGdS1i6OSOvQAFRAU3FD6MCr3tci4jEY0UEinzuz7BTy8oJeyhfHMa29qyr9
hygfDQgQ7mHpmtW7VNPsoDZoQMy0NdiRcuz15Q5+7ezq6LhxfQ4KJEgc+Lz0jpVM
uN6S8qz1C3CC0j8ot5Ukoa43O+7A8G2on5rEFHvWsHFT1gq5nJbwrDxpRtuTLuT/
n49FcIBvhxQQ+TyyKLUCaGqd0t9N1z6QJZfH62af7EeG0sKSqb3qVZzo04kIWSFS
9gTUTAOC+z5yYrA/kGttuYyo2bPyS7YPXHNBUYUSdhTXrhr4qjomoP5VZiumQLCJ
XRyDR3CISrm1FSKLxzJTobpMekKU8tSpr2C5E45/ZSvuJl3hkcIQ/HKcX3sieCYj
g63I75Y+l1BLZ+LW/Lv0yFmnMS/x+wUjELEqvg0CQt1jVTV6B5hvQH3MnpUGpb3p
OzyujeKXAR0CGGk5ehoLe3LmWUTu5A2kNIsk58sySeTVDctSpTKW9KZhXs21JD5s
5xD6f/fv1aLfRqBE5h3fIDLnVNWXJy86c9Sp7txeejnkWNNgdMDlrt6HzRU3nYoZ
Cb968boODPGu+KbQVuVpM9TqgXNU4WaiVBai4FxOMBO9xJHdliBy/kDN3C/AyYk4
aDocPLZUGa2twe9vu2vzmuNZWtMROjV9fPOUKepnUjbfpgPELQxpISrwMa0XdzJE
tN878e8PI1/i7KMmLfZzLJJSza6Pn7wVzUMWiqTkgj26hOfEEah6eVjELWTvSrdr
iWS6sKlyIUr26Mr0wxOejtc34KcQ4GW7MMJj9TuaUlNiMhVk5wV26sGWc7q7SkBY
VAwDfeQ4+6p3YVRfO0IRUXlxtMs8n7mVm+TipOd8WAqDNnO3DFnyw82F9Jvl9VLT
yIvIXTK5ZL1wqHQbDtl4QzV+asd8ugGZcSPu6VS+g2wUSeZ5F/nrXyNdHXiNPewg
lTyFTqPE4dRQ2YWraISSyA+7Y1xlcqNQlEvf9IJu3ayoMW7uKXSwKVXJ6PCBSKMn
8+qOc/L4m+1IW1TF0bDTRKj+hjSWtZQRe3eT48eXr9iXcwbMc1DVqfuJnb2iBFNL
cSjQY6kOht2y4BCCODuvlhdAuarWxf54hJexOlB1aNaRdiYRDdZ+9Fru69TYYg2x
3Ukw1JZAGO4j6Xl8OOmjkgTWKXwWrWL10DyPEs79Z4TfGJ1hH6FxnLI3L6NOmxmJ
pFhtLbMk/ht2as1/DPkbWuQfVN4utJANVeO0PXgVnuoJplKdwF7KKn1gSz/A0bdj
f7zTqhsMDv4X9++HOcd888kCXNeq5myjlNpkR+PfulWxmm61o8viOfLHwTHPyZhv
0noJqCT2HfZxHCPkMO6c8w6TH2rXIOTkySzcoU3oBRbeXFWJxYXs4FvXZGds5IZH
09lf4P8sv+lI/bFVGB5PejZ46No4f0ipn29lsm7U3vI1yYRNVtmcioCltw+Wq92+
drbZpI42cM7xgYx2PngqQviywmdHoip1vpRmUIV3E0jWy6U5/o8MFQXvKFZn6In8
9jqt6pYoF+JLWLY9egqBNUyEqbeLJzyFNPyc7gW/hw/smj6WHtW9SozVWK+te2LQ
AHTNNZ7xLciRqJq/tgslNpE/xm6VbGLM43fejDr2rcgRITFYJMshBgRk0+uvymgy
L+WTUP4ZeX2dwzT/igVvQ4wsfJFgX8UoutXmhdHO4vPpNdw85tfqD4PD4pNtUlhK
KyscW7MF2tkngEYr2BMItSf7Zzupz+rRMYL0HHNNV8oraPkhRrvNj31z9x2F8l/U
+C50HqSSfdW/GAp7xMQtXsLlAMWtn1mU1YZw+y2yS3EIvTwuBDQtOKL/Hn3JirtR
gsQMubkZ1N00QoLIbKX4qNGgmJHKuvpEFbmm6u/WONq1oDWyxliFBourJjAyCBdl
3H7Z+ZmmuDWDJoVyw5W0GF1mzunhFmcGTw6v3JBx4aG82x27pChdffoI/gnm5uQr
GzKps1E9zHhW9IoDRkKIqkqGmQQBoMec5ch0iQoWjtZ3zRChhv3nsQfjpqWumk+w
Mnz/KFvbD08kGhZgT+/fI97FB8kAs9hJoxzSKRNpv/3x10iucy86JzdcyqVPPyd1
6BtY92BlTUgTfoZqMM94LkINfrrhe1OGDOhGNVLWCm9gyU0+pH8Me7vq4UBt+egd
nqtmqZneevJXCphIveUX528P/ABEDyz4YuLtOE8eNvWsul+oUTkUY3IwE+EzdVD9
TtrRNHH09vPabUQC+kC2hzEMjtqL4rviEUV9fxxaSM/69j7fMzeIMkpdceE5EDBa
uYHsf+gLwbOj7lP2XB4QGzpeXeAT1Ui82Qaina3B1dY2oHUojN5sUbO8CL+6JdPR
2sD2PbjgFyHwgUwoMeGb9wUmas4ec2PxTALSlxMRlZJI4KPpngSqRphbQqLQc+J5
JLj48U2tb+LIWePnYMdlVykZjUVDyzuCf1jUTVeTZ+fshshKKpiU17VNu1WqrPJE
xAKX+MVljQpvqvw7lq1KZQhFz51IaB8JuiaHCRLp51JKDwOdxnKqAuKrWkvI5kE1
bavVeMH9YMQTW6lRsdofTPJNUNX2iD2w3sxVce1PXy+7d2xLr93xWP3SvBDaNnnQ
R8soQX14WSdHK1KQvVmQXXxTbjHjTTT4sP9gUjXRlyNXHA4Y/EKn72nuSP5mqetG
HOiguMyTjCTyyTkp7twA0vPW47zX1ksIN641bLNj6wdJbtdaLXbdtfSSPrDo4Zsl
Mk+8Zb5gCt3f+en+uQco2J1Eys28KT0htjfk9T/Yh4cXWPA0OfLkS15zYMEfqm6q
aWb8qh3+b5kCayeJ1mQEOtiRf/4oap67Lpm7mLm6DNrTudFyZWYNPtmi80feKov6
N6NAPnFKQEva/mC5Tn1HSwQHGV7jBa2uNddPD002T9kNp84gcc0gszVjowOWG2xH
JeRepbkkaffua1hGElbX1zbTAOKUMBhAvfa//MByTKBmOUIKh9RvIK6M/UGYWPDK
WS8dc4rDS1LaUku/z13+TWsdasGJASrxF+CE2VjDYCF69uU7/KfTYKo0/QWQkSb9
DHmtn9ihKfGBe9hrTRMtPAon3DgDYQwP+IJiniWUK0s5OzBY6JkuZ6qKpxc+G7+i
uksBwFGUDsMN6LxGW1X69SinBvTRdLiOmduw8AfmL8Vj5fV27xqAWS8u+bwNa5n7
T7OI4rNWFOlSFQkPvp2m205lFEAwu5v4FsrpmBMdQP1G/KFPzC8SAN6d/U5mF4z5
VNomQ/GjXMI8YCsmELy/1sBJHutByUjl7/wKa0NlYyCPe27Vgm2C5GNb1QtFvNML
FAys9w8J25oMxBAH+Exms3pkEiZyrXvIQdtFh/gJrPeuqsEc6QySwipGAn/KL1M4
F+M+rLeyX8I/0jh4cPxoc3ql6CeldtT6UXUR1uv5NKeQe0VskabQAcviKax79pIt
GwPyilx2V7x/2IUVKhSRDYp0wPt1wF+BWrxSPRK+N3bf8uAcCwy827wIPvPqQ/hE
DoOUjJcJiaA2kNsNDi6/xbKQx8RPotb9AR59lrqHBOvGPtfzrO5d4k2LFVNYZe9p
5IeNhgDiIXz9lD2uQe2pkaPDgKJ5gpu7VmQct8udZK+USpKxnPB7nKwZkzRRdJiN
2VBMQenGdQS4FcBOGwki8HI/sVH9zg8+nKC9EDG+dhA15vqyT6rw9YVDsF3pdsIh
oUS6oCS441DEBDPViuFFCst4+TDMRG0uD/dAjA80uvYsW4TOxxFNqNZZK/QFyybi
pudzQ29ayd3I+PjB4fthvzU9q8HrwkHzz9cuphVqLBXpTriSvw6OwC0c1u05k+Pd
yNyXEBglJvv8cdRImbEu+VawLNNd8MK7BobxAaFIHtMaXjpUfcjLRRR9j23B47mJ
H5bo26RI003cAB+h2kBBrzoPWodiw+bbW1tXw2QTQPgFMsVzNf1wlrZSwzG01zqr
bWlGQbBpZPSRxUbQGKP28MGqE0SbEZ/qJEiY4O+kSVzWuS8AK52VmikQ1jTsNe8d
0yvUHaKF35CB55UWMEecNE3t1tJ21MnIgo6bSp3D8vH69j7fMzeIMkpdceE5EDBa
Jg1vzbSEQOOKvGhRUXRWa+eYUIRu/om7ZhwiP74f/IusU/7fB9ifNeOxk4nFVm/l
CJag+jWUvVS91AteT6TH75i7WFwmro2jB0Yx4grEETvcV/ToGyO/hFKwN0LEuxqc
pucDMtzbsA7YO1Mp82XgLZ6L4l8nB17hCSMhAqC75tlr7QNVfL95u3g8IWlx5/j1
SIcjtP5kwDQjpOTHn5DcF4wmF8lUiocyo8k0vWAYgttuu2II7zJwECeAHKanN62J
8jcD9vEIIYI0a1EwwE4sf86P2jtRRb42iz/4KXL8AHzyJ8dDnjeRXVbPijZJzonT
/n45Cj/FAp5fne/PlIabFrlkyJ0/SmPluK+z4tbGiTjtfGfT7M1HrFLPCfXwVbpu
h5D9tyaxyP3sFatKKYoKdNEw39BKLBCH8s6+EMeWDNwZjkgSeYGhAN9q2B5qgiuL
2WND6Y845AJejC9V9O5HOi6Oh4VDhvQfe1r2Y7JEaKVnOg89Je73jVS7NopAdOfi
jAieS7lwxgXl77StvDlWrVQkyjsyk99Xj6BWJeDYIh+Tz+fERl3cL2At93wyVlYk
hctRDTFl+B0ZPEYXV7F0MDBDU+QtSqv4ItWENxkso5Zkqp7P1Jfmv95bzAuhazIr
HowcELhQTfpHQ6jnMHkflKLvbVnIPjeIsrDFrFT7Ch+QHYW6zl6qGgPxqS86xIOg
eVCNq7nAE2JPUm8uZcBEsbI+fwrHkSQGN0lmKSAqjvUIacVXdqM0315QAwxY6Qk+
Dn0dE3lLShSEVzys5PuMku7R37KnJT5LEKaf9EF6laAsX6dW3HTM6JhYoQjaOfFG
tTZPuNTKy/N/2shiXvo5jFxrI76nDfUxzO3NnB1rPn+ebFsvIbA9jqNq86eivbYM
kj9Ip6qLKjxtXKKRYHf+0+QEUQhPbGHnrOHr3FlkzBXddpCZSA4PfjbcP+lWXDNj
Rgnb7rdQU5otnVVKJK9KzrUusYRn6XGC3zZMPeQsVCNa1JekU72BFQol4JNGnbdN
8comQh+jFoeD/fYvme4cTCMnut5sNTdzPGSfVubD+Unju6LV/8UVHh15KipbmBGW
IbEmI929Q9TmqAGEti3JsFWzxO1hZnhOQWgrdiGYJ0XI78aVUqY6/Lq/jbE07f4l
T/RZtodDxKDbSSjP8pP8cJdon/NHSFA8xTyYemnyyxvYt5SUSuSq7tJmZQRkp4Wm
tbMKYv9Nfg8SK7Jio8wNKTStyfnKD4130jrNtUCFqEJVumO1xR17nC/YVsYOc9C+
Glj8nKi8vNTWYcz2TAfLUMCVC3oFncg435sKyhaFbbmVD8ESxililH2/uBQ8SxD4
GGxGH1+94WI/ux1U/QFZNTtKVBY04II9Vw26rjaPsHSBp6AXxr1BaVWGSDTTQ+oA
E27p9/7Qg9CFJZTbaK5ToHIks5zCwpo8nyIKqempxZ+LaDy47zRlVIoeT9vuSXZU
NQjwuiE9F7w+COEg/9m3K8YZZGRCUzuyIIfSZFl45vHyp4XZMAdNbCenfjdSjXQG
xs4CE/bwBq9gH9gB/dCBkkLyBVtAhco5sjXUGExCRS2NOLSU8y9GJformsZgTy1Y
qFLNztuHroiM8unQLSYV+ff2FelN6DdSj1mDEeggbrHB5StHXBqg/7cs0/qH+gmi
cZh2x+7IVHzoajn9S6oIP2GnUjQt5mj7egRqlcx5CzLjmhMzk9b+QRIQOaMANr4C
InIywUqX1fY11K1ksev6noh/clZx6PGG/VGTtz1QXDmFdQrjCXtTzUFgKpcUuxf3
/aRwH4cAaf+IsSuXsIgIMbIsDpfm84a1pSUVKnc7YeY65CiXTlaieyAbIbzyPRUk
faoPg4cwERhqh3yC60uDZRvYLM/OTB8DbCZgdPK68p2GWzfB8DT5TD9pNlFZiaEr
lAWp6qG5Hihgfn5DxoCK2tdmI7GJR+AGY2Bfp2QY7EzPe88uEac5TQUROFZKBZO5
BJQA/ukaZrvXZyyrUsvJDyHM7CmnZRbsnsATbzKasGQr3VEoB2D79gEoqUebUDB6
AHlyx5U3eI6KLOLMu9pxdani39qrATMloyFuV8mY1oNQqiL4MreUF+tQnWLXurBo
0v15Rezv6mMCZwkW+rHqneH2byK1vrjbwK9F2B8sOUcXerOjpPc1QVevYrXZQKrc
wPpmKu4FU3eJYFtgMFIPRJpn6C8FRts7Eho8AHgfuK8tW74qmdZttgO+dROcakM6
951xa3swdFWdTUzA5YMBRXgTsGPH2sgNuywFS7b8XRSbaJkkWJuVZmqFZN8uCUXh
Tny/6wAvzjhDlQeWDwzG4G3Om+c70CZvS/iHa0OczmnqhB+MyapXWx6TrWj4UJbW
vuU+6CKq4aoVBOhK4MUuBF5TgJ9hvgmsWwrlkthL2v9MIEQuLeAKmLy3l6JimvLT
0kYFVvMNj37WFrMV6okCbfJR/8xjnC/ad1hJgICAtVQDXV3yK2dgDkBgv6O+u1vj
Q/HbeNcq87eFJ9RoqreCOkNKG/3McGz322T0sqG0lODV6j4wv7LLEkhv5JeMVCrT
faoPg4cwERhqh3yC60uDZXChULSu9eUum4pvrvtKcHSBp6AXxr1BaVWGSDTTQ+oA
E27p9/7Qg9CFJZTbaK5ToHIks5zCwpo8nyIKqempxZ+LaDy47zRlVIoeT9vuSXZU
NQjwuiE9F7w+COEg/9m3K8YZZGRCUzuyIIfSZFl45vHyp4XZMAdNbCenfjdSjXQG
kgcLY/BlVLF/ePJSw6jMFyWCljQkfTkcc64uDdIGA1aNgNiBLUKHdaGXvJkizcqH
9s64NXdWOJM3SqsT+xKF1yvER0DoZqQJpGvH7v/psKnpu223oqU8GtPTTEaE4vDW
ZLo7T93j/jqmB0xlRIyx2y1wB9BoCe2oCE6nDUZrRjXvDa/ivlB3KJ4DklvBtrQ0
ykQ3wZwohvNQG2XyQK5BnjbTAOKUMBhAvfa//MByTKDqjgBXZ13aRjyD6Qe02zAr
qMR6qqSwRVBjCyka0Teds9627vX16fMB0DblxIUChNCqVD61KA4iH03POWQhmb3w
jaIu0I1LyTDx5c3IlcynMIxAW0xd3bN5qOWuDr2v5V73LxFFA45xM1CaOaTkxpIu
Oa9WWFvA00eJoRxlmzRSJ78HnIdXp2nvdtAQ9toz9R5Gy2TLIeiqJqJ+ChBDpGpK
Qjz69b1VxwWPs2il8UPomn90bgk+/oZt8fDjWIp7zc7ZPclodgTz09Tu3uLna1wy
8eAYWgQ0BMbYo0af+YrZn0Cvs+ztKERMC7PVhBN1clQ1kgdf8Z+GGIoosai31YAB
iuHyix29INnrihRA8rXH+dOeS0+7a0iaAu1BuykKYlIy1+JoD07OV2WvzNXFaWid
eSFuZrYFc/3X19+YEgMTstgPN6Rih6zaVeTGLTX2zo7O6PW9fgC0aaf8avheUncG
u/J/RJjA91pdqxbnKT5QG3cVGBPXL6siJ2+stKpiaQaxvS8cLxfUCSTP0YaZuNp0
FaTH+O8ub8vHBy0YVMAhteZnGNqVGCrrybaLAHBAQqkxVQjp+XpA88iLhy/Bi1Zv
G9HJMJ7tCpOBdUliJJnBadWA4l39LBuNWkCji7txCeaW0A89NGxl1PZeJvxYIvjV
shIs0lnPfpV+Pz8/YAQRpHX6OfIR0sRP7O6F9t+EoIRWkjxLqGgwQaqCJm6x4DGd
K7CRq2sTxg287GpqXJNLOaEwZv2qYZAUHboPHNg7JVBZUoB4vNZ5CRrFRO683Exd
tTZPuNTKy/N/2shiXvo5jKWG+uR0ARArN27vRt0Sd+R0YilXEH3FQ67KLuMSldGZ
C/JhZze5oRwNsFXBfj1QLKgTCvy3vryA1DYWXRiA1JyAncps3XD4xmJWK9WQRK/S
qp+Iao6BWo5sbMcJH+6Z1TXQ5eGoCev6UWLnLQUJmnxLvGZPqOkh92DNUmXb9yO3
8j+kMJ4ujZbde70uBOpMX+6Xy3DO3EyxaU1SaqnxgJn5dXA16alWGpZ/IuyI86KH
O69TdyeOxZxm4JbCY1VQKW8EneHf4q2UQ/F3dxY+0Zp5IW5mtgVz/dfX35gSAxOy
2A83pGKHrNpV5MYtNfbOjs7o9b1+ALRpp/xq+F5Sdwa78n9EmMD3Wl2rFucpPlAb
dxUYE9cvqyInb6y0qmJpBrG9LxwvF9QJJM/Rhpm42nQVpMf47y5vy8cHLRhUwCG1
5mcY2pUYKuvJtosAcEBCqTFVCOn5ekDzyIuHL8GLVm8b0ckwnu0Kk4F1SWIkmcFp
1YDiXf0sG41aQKOLu3EJ5pbQDz00bGXU9l4m/Fgi+NWyEizSWc9+lX4/Pz9gBBGk
dfo58hHSxE/s7oX234SghFaSPEuoaDBBqoImbrHgMZ0rsJGraxPGDbzsampck0s5
oTBm/aphkBQdug8c2DslUFlSgHi81nkJGsVE7rzcTF21Nk+41MrL83/ayGJe+jmM
pYb65HQBECs3bu9G3RJ35HRiKVcQfcVDrsou4xKV0ZkL8mFnN7mhHA2wVcF+PVAs
qBMK/Le+vIDUNhZdGIDUnIDa3D3v9G+fW4Tw8zjW0RNg8stIEF3ZF3BrfL3F2MMl
CL08LgQ0LTii/x59yYq7UcunSayVofHkT1beOTEm10+L2dg/Dc+yFgHCIN/XTtnR
p31HjhIHWJvNxx4r+af+v6oQM22mNP3Z6viQAr42oG6RP8ZulWxizON33ow69q3I
RECGHmOVxPQbfhnvzmWsZysdkWNBNIIgt0QJpLEeqz1FsIDYcyMLONwaWuf23AuR
xBKDSNf1gqsWCSPFiZwllAVkAm7/Pb34ZT4iNxqOklAfnrIG0TMAHuILzR/2Tq7H
xoZ1SCgmRccEFzDALRoTrwhUDE9J3Mt9jxjOp5jsMcEnSVukP6S6hZpPL0FN/5kL
HGwYgEYYIOzpkBK32JM0spiH/VbPHUy1emfPdN7RjieGpe9kbZZ5KGuYys+xruXN
VUS103HAjDA+iOCo8hkNlNENgSYqAi19DexaZSse27p3mUN3MlOoLdttFO5ZkYbH
gTyxLFupoWZsbndLaEnu9B9yPTya/NxsM7cghhOgV/qMQFtMXd2zeajlrg69r+Ve
B4G4Rx4ZwvP8SZXyX3Vzky7muTY4/1tv8tgldpuFxaUrxc0Fr4NiqMwLsoWC9mkA
eVZaGEfjoDFzmMHDa5gxfoAhRZafDKGVcVxm1wTZ4SJ/9586nWHBBlSXA9ZkXoj/
p/CK2EsCWOiitFoBjrBrrZwIlC3+G4O5jW5WhFK+EzddZs7p4RZnBk8Or9yQceGh
CkF7QZnXCEaTZ/yPDPe+dhYUPxjsFW8Zeg3Sh7Nw+7uTTaXpnoyuIWMeiR2uTBXH
gG1yxapIqgq5Rwpy+wC1QJ9h/MApXWF1o7IHinKZZzipiB1OsCkegLuNCEtQuo3y
+peMWuJYSFG4XNx+GTu5exH+zF1IlUqoGpZSoI3FP64AtGbCz7eFro7IqPMURDb6
h498e9UVu7MoYy+qJjSCjRq3F1xtcqH1BJ/Gi947/jyxHK3fBrsNcCha2mb9eKzQ
36YDxC0MaSEq8DGtF3cyRGdeDASKK2ZmiEfhgT9VaKmM8tgmkH0voncPVZpjVxPY
VZItn4Yer+ZwurGGfU6aGDGuSIQ9icG1Cg8rsE31bb57+2QLe+yug/47iqChZebT
4XpMHn2BaQ9AHvp40RJA/a4BgNbxvyDh7pKFEJ+g9OID8ipXbkkKVXXeEKgPeFQa
qPJx7Zwm1LPkTetDQtDpMmIhs9d3Mi6kvBtxnk01FJOz0ku3PXCxMv2hVUk7AP2s
36YDxC0MaSEq8DGtF3cyRPwv8agI3LjwvIJHW9gwfE7HYMf4O1x7xHic6ImR1UXv
2VryeMwV6/g0r+HZoEzHYlG/bqmlhrlHXaBqsG5BX88J6CcjcNOQc9HysBFzw0y5
nHaA6iH1iinsXR1K7m8rw35YadpRo9t0Fr2Vj9a7mdV1n68OrPWc7r3FTxqoCszN
8M+o9TNsItNKHPZDp5OD/HDnXlBi/hQoq+J3Jr2oHG5/fORQV5N/ZwE8g3d3xblc
A12P/xJ/R/qGXOfq9UAydx2gbT+/0HwMYUWzaHETQGB22ibdBw7EGRbdyG+9/6T2
GWGR5fg62rkRzGU9e22ciKoodeuawygJOHEkuK8GH/EYhRw9+TdsgsryxSiiZAA4
+ZXHYbEGXJfo3WUTD+F9OGEAIsumvIrp8krfPF3A88IBHomWVDJv320IkqHp0J07
7erAZyqizf2Ov6fOPVWpsWbzK0xjGrkvhV9Y628QcsniokzBwC/iS58yArDEzug3
29DBmgmkh8694bkBQLvVq2tkTpHPlpp73znrXvks1uhe7r5vYAC3BX0A+ZhzT3MS
s9wZN2ThbeSffdDjGfK+l852+0zSKtOUurk/JWAn81unfUeOEgdYm83HHiv5p/6/
gfDq+bOT7h8PcJ+7JGM6xwrEWAj2402vLZA6q8ZGJ0qRP8ZulWxizON33ow69q3I
tZSM0Y+OC4SNI0o4oJ1dntvwk0lcjRa7vTa1p0yBMDQ=
