U2FsdGVkX194ECcAAAAAADdeoxET8aSwTRtWJ9GsTWUSYPXomaKJaYxYtVFL5vjF
98iveqQ5EjEHXstQuWDvbezL//caXpd8G7RzSi5p+Vy+3lK9AQ/W0J97FT8hnsaw
QR1+kmuEKV3Qiq8GgWwguLO/s/blsFGiE8sCuAYeINh5Jfz1IWHStHX5CoLaWgj6
6bslUcEK13biip88SL4nL+eDf/oScvDM9woZFFGqITCuWIJO+L3hKrTxE+FGJrxn
8kFGP3JXwxS4kYgj64+bf6dmzAfotlUbh1cqJSmPyW7U8RFD1O7WH3MrpxeB7+Z7
W7nQignPRl23Ij1gs41KNLSNqGR4yjBsmzqZxduDV1/4EhqgC3yu6s2I0MRMNgif
kyDnYYM/Ddf8es4SW6PeAa7C953gWZvtHRAtVlVNacZemHdo1L3UY7FRH5rFOkL3
VRnaO3nxh6QUNQtz5Pez8ynR0rlJhmfM6oljqtqqu1JuUNm/BXt6/EIHDipk3rLe
J+bieAxvnv3P63D+OVJthJMg52GDPw3X/HrOEluj3gEY18PfEl82OK2XQpNgvk5z
1uROPESiDbZyZzR5HJOpGQPkQKWgkOO0EajLy9XN75qQ542zkDOFvIGFefKC2t5Q
BJhjx1EsFPCgIyw4M0XdcbrW/9td3Uw6rQGaEjhmHpohOt3AB7CmJMVd54tf67Xc
empVH6FDxyBI8XyRKax6gv3NCPggUuEJt6rlkYEsj9Hz7jawcNaBWsBXXjMN0/6Q
NJXczcvzbAlKFRZ2ItSPBveT9zcqXQCfekPPUyc8H7xGecZckSPOmlnsI/+MsT9f
sb5oinEyjIeNUQ0FJICu3npqVR+hQ8cgSPF8kSmseoJzTOU2lPoMRbVm9EVbMJum
ryHx0F7P/Ceh7AX3PZ6cAnLhC8Ab8XCg5jqUiz9h3tzKCronodEshWp3p0RBXGtL
Ot08WGIedL8ht1bjMBI0uBrdEdmqb9jfukPSW/MipURsb6HGiRH06CVFfAqoGqDI
q7jJutPFAumolDGtB5Z9DHZFef8nlujAiUemrR3rfDAKWXE7gXJ31q5GLRJDmYr3
r+6K8OoOumuwRBqj5uRvsgs7WFIHQeQo0oEbpxTmaWVXePbxd5n982pmOZCxczDM
knuG/CTaG4RbPazRu3M66sehuq8ZJU61kSnCFvOn9jR9yqmmJOxWjhDM8h8+jrMC
tTpbxBfQhWPmKjyy6BRyA3yVn6GNPOcoN/rpmVVW8y9w0UObnT0Mc5lTPqaFzfLf
XASoKtjAH94w94xwHredUpNRjV8RgaTz7uIP5vJ6tgUhcNcg2FMO0r/jfgo2PHR4
RXmLFlmk9UwbYofD/vHRw+1A97tft18RiZmNuLqlmSLHJRwMUEd5MTytF8j7/opR
U63PQJZcrRvm1Asx9nCVlPnWtCdR4+umTUw32meehMdKGQQDbYxO1bRM4N8Mwvq8
UnC1S3aB0EgH0U1zGWJwvJb21WL9pwvP8SMaC+5BFhK48gv6U+yyGQqM2n4Ib3Lw
l32LRFlQxoOXre47TwzaBliGsHsr5fjfMzTyjtRoO1HBcYwLSc2HB+FoNc9Ya8pp
SRKs+O4nysl70D3O0gU/dQiovvwqdzZUMfNRMdyC2oJoTR6ZaqeTplPL51jOwVw9
41R7ez0dZJEJd8F8nismn5sxKGzxhd4MP0ljNhGUVgYZl5QubFUBm/hVRduvsVs7
Ul4U9FImCJKNIE9ODZt3QCWtbEmC+fv19f09rzN43nfOwQqLcNTXM61h5mToDMZS
vE1kYBcx1pGSHST1Chm5avB9/tMzvWuv8AFa/NcohKhPAMBBfnvophy3YOqAIVSQ
WZlumLzdcwmsy+LWj4EpVMVf7QCitkK/NGGH6K3PXrMq7/sjAzJnQm38zRe3c8nV
3J3LmQlTR4Bb36CRQF9g3AGC9a7qvPixhK6Aw7zK8aXsHYVr6t0w9tb9rz73oqPd
kger8o4s9AdfHwGtAJZO83QMpovQEKCoAtq3gedT42b/A0AkMM3GF2PKsRZKd7r0
sUDlaFJajqhjSYx5a4xqWn3ao7gfdNML7ykQLKkeRrf9D50+o0ZAjxzgR94EXgwA
7EtG+mBh8yq3I5R2/iDnylxb+GZZ7ps2AewhiNREWfZUd6PCQCixFDjrfH+Xge1z
OKTloqLUbWiiiQdR2sFnL2WhrXG/RFMI9HVrTBDrTbklbWpPiP8QaGYTCyG/hSjD
mScRGCgi8wleG23u9pqYopV13GWqT1jTKKyCBj8781C+3mTcxIcymGM1oyacUnEh
EiZvYEhQwmHcpPXBiVAa+yXhyF27+jXajEIY5I95tWRdZs7p4RZnBk8Or9yQceGh
CQ1GPptyEoIf46nbe/bf0z2iY2/1I50UVnSQBg4BsFWbS9YcGf70GhBxJl25YXcG
eKmzYlhPiw1u8Z3hqVmolacAhRpdubu30cvtM0Wb3nVU2nGPkMbBbkNvOIDE+Eiw
G6Y/s5NAp/7MyaDOfUZO0QMqlFd7Nzq44BtmopjqpdGe2Mq3JPOkKtQM+zPVQ1Fm
/Dg20VrTQRvHaI2CyO50w+hNEFUMv2Jmn0UD88mtJSmx/41xTCN8bNTk0vP4nPmU
k+M3qd8YTWZpFdIA/xu14fmJrAOdH5tWdG4zSBqRcJvMKZagKNG6BbFPJZruZfbB
xBF/NfTzi53VMHRF+y67tRguOJXI8Aq0/KKgI0MBUh/u8Ee2XnrlwyikgpToy75j
