U2FsdGVkX194ECcAAAAAADdeoxET8aSwTRtWJ9GsTWUSYPXomaKJaYxYtVFL5vjF
98iveqQ5EjEHXstQuWDvbezL//caXpd8G7RzSi5p+Vy+3lK9AQ/W0J97FT8hnsaw
QR1+kmuEKV3Qiq8GgWwguLO/s/blsFGiE8sCuAYeINh5Jfz1IWHStHX5CoLaWgj6
6bslUcEK13biip88SL4nL+eDf/oScvDM9woZFFGqITCuWIJO+L3hKrTxE+FGJrxn
8kFGP3JXwxS4kYgj64+bf6dmzAfotlUbh1cqJSmPyW7U8RFD1O7WH3MrpxeB7+Z7
W7nQignPRl23Ij1gs41KNLSNqGR4yjBsmzqZxduDV1/4EhqgC3yu6s2I0MRMNgif
kyDnYYM/Ddf8es4SW6PeAa7C953gWZvtHRAtVlVNacZemHdo1L3UY7FRH5rFOkL3
VRnaO3nxh6QUNQtz5Pez8ynR0rlJhmfM6oljqtqqu1JuUNm/BXt6/EIHDipk3rLe
J+bieAxvnv3P63D+OVJthJMg52GDPw3X/HrOEluj3gEY18PfEl82OK2XQpNgvk5z
1uROPESiDbZyZzR5HJOpGQPkQKWgkOO0EajLy9XN75qQ542zkDOFvIGFefKC2t5Q
BJhjx1EsFPCgIyw4M0XdcbrW/9td3Uw6rQGaEjhmHpohOt3AB7CmJMVd54tf67Xc
empVH6FDxyBI8XyRKax6gv3NCPggUuEJt6rlkYEsj9ED8D6PYu9qbTiuBT4BUDo/
2s14Yy5b2/ISFhlyJmWuSfeT9zcqXQCfekPPUyc8H7xGecZckSPOmlnsI/+MsT9f
ekBrDW0EY1mNMJj7KT/9MFbQ9Okj1QqRt/5RTbiLSek5vTdhwoRSR7KleovVt+8s
AELNLncppqCrQN2oD2n80L39B4fwWwJWLzZce5NXVQ7wYPAo+SH9k/O1tk7GqLN9
oyWF1pL1J4hLh/92NRomj0rC+5ev/GfGzgxkBNo+kPpKno1nfA7PyOSlyAHpwISN
mDXkcgYOCaSzvvECEhA3cSRbx+CR1oJRj3KbshtZZmyIkVb3entzNJqFJ+rb5Mei
h8h8uNIAMMNgZaZ830in4mEp26k48o6kE9pwolTr7TgE/l9Jp1BoiLuknG+Lr1Sl
HrS4IFkSvXWVYIHx8shcWWBm5J3u4U2IcW4UIpOmFLSOiUOqkuBNtQNnduryCWHO
pIWgQYvQifuLulfSY9HWhlWE9lD7pTjGTNksAnUNFA8A+jHEcivb7c5N1DysJ7nU
fxJxuYjhB391UqVzOOqAbUkSrPjuJ8rJe9A9ztIFP3UIqL78Knc2VDHzUTHcgtqC
i6bDH96EHecZHoizs1GbYZTHfMlMKQFGxnlGxeca2gj0rfysTzDyxbRdX0VTCa/S
SuGwJXRNiij6golfnIG9HFmZbpi83XMJrMvi1o+BKVQaY+01U8s810Ao0YDmiJAz
c7t727c3BHiCO7V+KqT1xCvg2+xK77WaRXlW1C3x2Zo4Yk5ICcB5vSdmeDvwPPr0
/7Sa+2qzDxmSEkhuh6Htq59U++15ydo+AJr9uhc6BzjHobqvGSVOtZEpwhbzp/Y0
fcqppiTsVo4QzPIfPo6zArU6W8QX0IVj5io8sugUcgN8lZ+hjTznKDf66ZlVVvMv
cNFDm509DHOZUz6mhc3y31wEqCrYwB/eMPeMcB63nVKTUY1fEYGk8+7iD+byerYF
IXDXINhTDtK/434KNjx0eEV5ixZZpPVMG2KHw/7x0cPLUFEZaAWZGsjlomUjPrpe
QR3QymOLJU8G13mBUZ374OOQndaa4bP7+qWZc+XR+hk8Ypt3L8l4XmZBNnoedHMQ
dAcsE1VP7JTdMCwDoYQuQOHXpNO6rQJ2bsUPjkyGSWKhGuexsEnjraL2pl4Gk8k6
3J3LmQlTR4Bb36CRQF9g3AGC9a7qvPixhK6Aw7zK8aXsHYVr6t0w9tb9rz73oqPd
kger8o4s9AdfHwGtAJZO83QMpovQEKCoAtq3gedT42b/A0AkMM3GF2PKsRZKd7r0
sUDlaFJajqhjSYx5a4xqWn3ao7gfdNML7ykQLKkeRrf9D50+o0ZAjxzgR94EXgwA
7EtG+mBh8yq3I5R2/iDnylxb+GZZ7ps2AewhiNREWfZUd6PCQCixFDjrfH+Xge1z
OKTloqLUbWiiiQdR2sFnL2WhrXG/RFMI9HVrTBDrTbklbWpPiP8QaGYTCyG/hSjD
mScRGCgi8wleG23u9pqYopV13GWqT1jTKKyCBj8781C+3mTcxIcymGM1oyacUnEh
EiZvYEhQwmHcpPXBiVAa+yXhyF27+jXajEIY5I95tWRdZs7p4RZnBk8Or9yQceGh
CQ1GPptyEoIf46nbe/bf0z2iY2/1I50UVnSQBg4BsFWbS9YcGf70GhBxJl25YXcG
eKmzYlhPiw1u8Z3hqVmolacAhRpdubu30cvtM0Wb3nVU2nGPkMbBbkNvOIDE+Eiw
G6Y/s5NAp/7MyaDOfUZO0QMqlFd7Nzq44BtmopjqpdGe2Mq3JPOkKtQM+zPVQ1Fm
/Dg20VrTQRvHaI2CyO50w+hNEFUMv2Jmn0UD88mtJSmx/41xTCN8bNTk0vP4nPmU
k+M3qd8YTWZpFdIA/xu14fmJrAOdH5tWdG4zSBqRcJvMKZagKNG6BbFPJZruZfbB
xBF/NfTzi53VMHRF+y67tRguOJXI8Aq0/KKgI0MBUh/u8Ee2XnrlwyikgpToy75j
