U2FsdGVkX194ECcAAAAAADdeoxET8aSwTRtWJ9GsTWUSYPXomaKJaYxYtVFL5vjF
98iveqQ5EjEHXstQuWDvbezL//caXpd8G7RzSi5p+Vy+3lK9AQ/W0J97FT8hnsaw
QR1+kmuEKV3Qiq8GgWwguLO/s/blsFGiE8sCuAYeINh5Jfz1IWHStHX5CoLaWgj6
6bslUcEK13biip88SL4nL+eDf/oScvDM9woZFFGqITCuWIJO+L3hKrTxE+FGJrxn
8kFGP3JXwxS4kYgj64+bf6dmzAfotlUbh1cqJSmPyW7U8RFD1O7WH3MrpxeB7+Z7
W7nQignPRl23Ij1gs41KNLSNqGR4yjBsmzqZxduDV1/4EhqgC3yu6s2I0MRMNgif
kyDnYYM/Ddf8es4SW6PeAa7C953gWZvtHRAtVlVNacZemHdo1L3UY7FRH5rFOkL3
VRnaO3nxh6QUNQtz5Pez8ynR0rlJhmfM6oljqtqqu1JuUNm/BXt6/EIHDipk3rLe
J+bieAxvnv3P63D+OVJthJMg52GDPw3X/HrOEluj3gEY18PfEl82OK2XQpNgvk5z
1uROPESiDbZyZzR5HJOpGQPkQKWgkOO0EajLy9XN75qQ542zkDOFvIGFefKC2t5Q
BJhjx1EsFPCgIyw4M0XdcbrW/9td3Uw6rQGaEjhmHpohOt3AB7CmJMVd54tf67Xc
empVH6FDxyBI8XyRKax6gv3NCPggUuEJt6rlkYEsj9HAJ/WrqzoI56+0RP+oe5ub
BHpos9Sw2pnE0uotJ57xVveT9zcqXQCfekPPUyc8H7z8U4oCsz5gEMko23DnEaKV
M3aP9dR9EZVngMo4csx0xiHIDwJQVFvHMElNw+8uPutYnmnv5bHpdtsgTEXpAtqS
mhTHdo4y2lVK5h1+RKOcL7cAJFuw7agYzPUetHMIw64Ym1cxjG5a0Eef/KUlAeA1
CUB4Q/4xu5YUqC5bJZfY2NdE5N39EmKqVyudOB8jUYBTpIzOprWlSIuVMvtgjBQE
LZlJNOFJK4S3RxQq/mcesnb+K5kAPnAaE73h/Xg8eP3A2ubqGWSJ7uP3FsOxHvAw
8j4jazTbH/bB24SLl03p/5seyWRa8eNPDgSs9A61viSW+tosHqTHiBllG1eSffBI
Jsj703NPElkipXXfe3loGqZnNmZig4xhNHPy8l7zp3hCPm+klIGu7YgmUiH8aIlq
8mV7oApoH2cWLMTwT+wHEp6FXzGdca29AYWW7nWP2QYjXnYq0Y6EJYcJ4FGSwI+U
bwo3UnCUV6mX73jqHi9XHOW8ARv0bhuFyA77hDDD/gG0VBj83UEDPk5SBz9kyQhf
+56HY+np9eNGOzUKpxr8jmWhrXG/RFMI9HVrTBDrTbklbWpPiP8QaGYTCyG/hSjD
ZX9OL7RpU3mGoBHAewACbYBzTgM0dfsQI9K/7Q3H91uFXZuRaotElXQnVvVfMd9K
qFJ1dbCrHroQsulGOayOPTdOBSsC+8ScwVzgHWXHdl5jr09DwMQ6y8YXlBkcr2ZA
93oWONtuIPsfpaQz6WS7dZDnjbOQM4W8gYV58oLa3lDcf4EWAxWE9NL8t66tHNpe
kUDEWOl8+Ni3T53levIrbqdKyVn0WHjeI3nBcOb/HUte58Pn+zNTLsVc8Mkvr76r
ruur/rXDh22rzZxY1WI6yeujOmEUQcQyPBhbykuAav3/mwAx4G0SefGYde5B5YKE
ZFtPiDNxAyZ1KNlrNF/Zq6NoAAjJtZQDbJ+KA1dMLm1tsCOOKvXm1MzfimPzWwaH
LUDuKYICFy5dbOWxQ5bltMJVyAvCevET2QkUL69esa00Khfq6M5rICHl3LjIvCYS
mkM+HQOabQI4OdCWi7c6FN55FYUoY+FhEQp62+s0f/m1c2NycBcJ2Ecb/AcZzX0t
LzgdwfMbDVV0t/sKps/B1GA1VExznKswqe6pj3s38HtBuCOOmf+51ejEcDDGG+6u
JSTkLcj47lqyp4lYDQTj5hM3Bhl7/wIJKZ/rZX5TWOVowfphncsOI5eDH8mPdNdW
PB8MNM1msgvZdNnEA2Kz8jBNQdAKBgX535Ze+G5LpzJVrazw4Z+BfYJ7SIZ/SSee
JPAFxSVyfZScnWj28bnXriRaZXJAwxExBdrEgwZ0o9Db80t89Vm8asE6hpQQTtaN
oTBwAtOSYCApdV8CTKT4B6VqytVnDY3v5zi/T2Dcba5dRq/gawfWHPjvRuGlkaJr
Z8b3n7COKAuI3Wb3sCN1htKo19UMLqhN599uersDlWbLVkxVDZflzJJW2sn/Zrxz
JpW6OPhZ6jNemZctNogDDLH/jXFMI3xs1OTS8/ic+ZTVUpf9TftzTOyQzAAQB4/z
OGVJNtmV3d5wQUNDvtsc3TtZe9FBFSvdcH29lf9VEk0msoMEsW2eDb4+Se2qpvXe
ydXmtjOzQLCQa+aG3ogkR1zPoLESMFKm3metyfJFmhUqNfjNLAwj8pvfXcczPy4E
vAhKEpewr9FScsRgU/KRIEkCIY63430AbcfjpYkd+upMdnR0ZWgFYFuUbfY0UI6+
Mpze5EhX0tYYFGMOO26SmF7X9VDZk0An2tOU8hN/4uUgyx2iyRh/wEX3aKYFGthV
ph65x4sVhBaYLCZf9XqZ3sVt/DLb99DRk+Ta428cZKVGZmHoP4VtqMNjEKZarOMo
YUhUrcy0zyzD7Aj4HmX+yQO4xHfnFqMU72lBUtrI4xGmcH1yLju4+flaZgtbHf6A
FnQ/OiGrxgrXc1/H2ZP9BJXWTFA+BdjDMIkHp+pjI5Ew427VI4T9Yp3TQsqrdZlx
D2RVP5FvhbfEa4hEss3X5xDfM40crY1ZurBQriYT5723ACRbsO2oGMz1HrRzCMOu
GJtXMYxuWtBHn/ylJQHgNQlAeEP+MbuWFKguWyWX2Nii0Y3MNPmg7CdcAjbKjR7V
mDXkcgYOCaSzvvECEhA3cc5K0UsgoztdYJVUhK47zhO2iwGcAQ7Cqm6DSFS0cnHa
126+C9hjnQnQlij2WPS3lZ+nCbhJG0y1wob1M/ZO1OQj23/s862gRDiBK5DX/kRi
ZN6L0nRfyUkdoGRzQmxmqBRulbpf89+O7E0bGGP3mCP1w/fkYd6khD0ekLt3rW8c
2MKThmvO3rHmFzd2y6/RDttgrKXKjBWBrbroCnlCr4z/yxcJX5QxURkuQ9qJJQU9
wl/yG96zuM3G9AnsZub4dPKPXCYiP16sxH0MZ2/Ovirwff7TM71rr/ABWvzXKISo
TwDAQX576KYct2DqgCFUkFmZbpi83XMJrMvi1o+BKVTFX+0AorZCvzRhh+itz16z
NDi4DjqrUMX/kUsQ2xQcQ3r4BrxrTWmvYLCbjNugcuNAhxcKZbPFR+xngFZCHFKP
s+FlVK6vljaTcpN2eXTcu6zbOd4faMaZT/RNryHwTB/dGB4o7WfJR2oPhN0nM0q4
UnsHJCJbfaRHPBV7t72HI5NFZahV3QQn8Kk3DUlUqm74DucOBBk0VnPadXzeovz8
98H8BfMadDF9HPpnkI25rmvWqWWEoYbJUbt9FiZshU61+GND7kgW2qHnweOm3MvI
QZaEMdGLXuRHFGFUjo+PFgQZnQdOW44oVS8fjtzWpVKzmbfTMRM3AUP7fbJ+F6qv
gdGAsY2ouqA2ZkuPK3J/ojIfVA3kP4sitwUFcd9HqH2V1kxQPgXYwzCJB6fqYyOR
cuELwBvxcKDmOpSLP2He3MoKuieh0SyFanenREFca0s63TxYYh50vyG3VuMwEjS4
Gt0R2apv2N+6Q9Jb8yKlRMPgc1X856vBEzL1SzXETqJcAZ2mPVPXOKr1HtFLj/op
2rqJBgJNo/DBEw0jSX01xRzRAu3X8bVh1Ml2LfQ4zh5c3AiPiF0xSzh+vPkgxw5V
D8PQ8ynSgb5Hj2XxZZKFiKnOcAPJmVe5gJSAFv8mrLcr4Nx392EN/oBGx/Z4rSs8
W1nz7jNAkbYWKlhRHMEOKvQEHXVgs7ZemKlzFUFdc0by9Z5tYzInE/R3AOawgoil
WZlumLzdcwmsy+LWj4EpVMVf7QCitkK/NGGH6K3PXrPkTPh83CnKHtMxzVQVS98Q
bDfhWHNQPqXPTw2CtEDnwCpF5tBFrEShf8l8gHYiTVTs9IaujLyclv+fzT65qU4E
bc3Wfk13Hcdg0rjcd+8XHg==
